
Microsoft Visual Studio Solution File, Format Version 12.00
# Visual Studio Version 17
VisualStudioVersion = 17.11.35327.3
MinimumVisualStudioVersion = 10.0.40219.1
Project("{FAE04EC0-301F-11D3-BF4B-00C04F79EFBC}") = "MauiAppCadastroEvento", "MauiAppCadastroEvento\MauiAppCadastroEvento.csproj", "{F424F79F-893C-46C4-BD51-2735A5962E4F}"
EndProject
Global
	GlobalSection(SolutionConfigurationPlatforms) = preSolution
		Debug|Any CPU = Debug|Any CPU
		Release|Any CPU = Release|Any CPU
	EndGlobalSection
	GlobalSection(ProjectConfigurationPlatforms) = postSolution
		{F424F79F-893C-46C4-BD51-2735A5962E4F}.Debug|Any CPU.ActiveCfg = Debug|Any CPU
		{F424F79F-893C-46C4-BD51-2735A5962E4F}.Debug|Any CPU.Build.0 = Debug|Any CPU
		{F424F79F-893C-46C4-BD51-2735A5962E4F}.Debug|Any CPU.Deploy.0 = Debug|Any CPU
		{F424F79F-893C-46C4-BD51-2735A5962E4F}.Release|Any CPU.ActiveCfg = Release|Any CPU
		{F424F79F-893C-46C4-BD51-2735A5962E4F}.Release|Any CPU.Build.0 = Release|Any CPU
		{F424F79F-893C-46C4-BD51-2735A5962E4F}.Release|Any CPU.Deploy.0 = Release|Any CPU
	EndGlobalSection
	GlobalSection(SolutionProperties) = preSolution
		HideSolutionNode = FALSE
	EndGlobalSection
	GlobalSection(ExtensibilityGlobals) = postSolution
		SolutionGuid = {5A1265FA-2F71-4285-9171-9490299BE8B9}
	EndGlobalSection
EndGlobal
